
Microsoft Visual Studio Solution File, Format Version 12.00
# Visual Studio Version 17
VisualStudioVersion = 17.7.34024.191
MinimumVisualStudioVersion = 10.0.40219.1
Project("{FAE04EC0-301F-11D3-BF4B-00C04F79EFBC}") = "Test1", "Test1\Test1.csproj", "{0877F369-4750-4A27-A2AB-54B1671E75CE}"
EndProject
Global
	GlobalSection(SolutionConfigurationPlatforms) = preSolution
		Debug|Any CPU = Debug|Any CPU
		Release|Any CPU = Release|Any CPU
	EndGlobalSection
	GlobalSection(ProjectConfigurationPlatforms) = postSolution
		{0877F369-4750-4A27-A2AB-54B1671E75CE}.Debug|Any CPU.ActiveCfg = Debug|Any CPU
		{0877F369-4750-4A27-A2AB-54B1671E75CE}.Debug|Any CPU.Build.0 = Debug|Any CPU
		{0877F369-4750-4A27-A2AB-54B1671E75CE}.Release|Any CPU.ActiveCfg = Release|Any CPU
		{0877F369-4750-4A27-A2AB-54B1671E75CE}.Release|Any CPU.Build.0 = Release|Any CPU
	EndGlobalSection
	GlobalSection(SolutionProperties) = preSolution
		HideSolutionNode = FALSE
	EndGlobalSection
	GlobalSection(ExtensibilityGlobals) = postSolution
		SolutionGuid = {FE241BE2-9218-4749-A1DA-5A2D567622B4}
	EndGlobalSection
EndGlobal
